# This file is automatically @generated by Cargo.
# It is not intended for manual editing.
version = 3

[[package]]
name = "Inflector"
version = "0.11.4"
source = "registry+https://github.com/rust-lang/crates.io-index"
checksum = "fe438c63458706e03479442743baae6c88256498e6431708f6dfc520a26515d3"
dependencies = [
 "lazy_static",
 "regex",
]

[[package]]
name = "aho-corasick"
version = "0.7.18"
source = "registry+https://github.com/rust-lang/crates.io-index"
checksum = "1e37cfd5e7657ada45f742d6e99ca5788580b5c529dc78faf11ece6dc702656f"
dependencies = [
 "memchr",
]

[[package]]
name = "allocator-api2"
version = "0.2.16"
source = "registry+https://github.com/rust-lang/crates.io-index"
checksum = "0942ffc6dcaadf03badf6e6a2d0228460359d5e34b57ccdc720b7382dfbd5ec5"

[[package]]
name = "ast_node"
version = "0.9.6"
source = "registry+https://github.com/rust-lang/crates.io-index"
checksum = "c3e3e06ec6ac7d893a0db7127d91063ad7d9da8988f8a1a256f03729e6eec026"
dependencies = [
 "proc-macro2",
 "quote",
 "swc_macros_common",
 "syn 2.0.23",
]

[[package]]
name = "autocfg"
version = "1.1.0"
source = "registry+https://github.com/rust-lang/crates.io-index"
checksum = "d468802bab17cbc0cc575e9b053f41e72aa36bfa6b7f55e3529ffa43161b97fa"

[[package]]
name = "base64"
version = "0.11.0"
source = "registry+https://github.com/rust-lang/crates.io-index"
checksum = "b41b7ea54a0c9d92199de89e20e58d49f02f8e699814ef3fdf266f6f748d15c7"

[[package]]
name = "better_scoped_tls"
version = "0.1.1"
source = "registry+https://github.com/rust-lang/crates.io-index"
checksum = "794edcc9b3fb07bb4aecaa11f093fd45663b4feadb782d68303a2268bc2701de"
dependencies = [
 "scoped-tls",
]

[[package]]
name = "bitflags"
version = "2.3.3"
source = "registry+https://github.com/rust-lang/crates.io-index"
checksum = "630be753d4e58660abd17930c71b647fe46c27ea6b63cc59e1e3851406972e42"

[[package]]
name = "bumpalo"
version = "3.14.0"
source = "registry+https://github.com/rust-lang/crates.io-index"
checksum = "7f30e7476521f6f8af1a1c4c0b8cc94f0bee37d91763d0ca2665f299b6cd8aec"
dependencies = [
 "allocator-api2",
]

[[package]]
name = "cc"
version = "1.0.79"
source = "registry+https://github.com/rust-lang/crates.io-index"
checksum = "50d30906286121d95be3d479533b458f87493b30a4b5f79a607db8f5d11aa91f"

[[package]]
name = "cfg-if"
version = "1.0.0"
source = "registry+https://github.com/rust-lang/crates.io-index"
checksum = "baf1de4339761588bc0619e3cbc0120ee582ebb74b53b4efbf79117bd2da40fd"

[[package]]
name = "ctor"
version = "0.1.22"
source = "registry+https://github.com/rust-lang/crates.io-index"
checksum = "f877be4f7c9f246b183111634f75baa039715e3f46ce860677d3b19a69fb229c"
dependencies = [
 "quote",
 "syn 1.0.94",
]

[[package]]
name = "diff"
version = "0.1.12"
source = "registry+https://github.com/rust-lang/crates.io-index"
checksum = "0e25ea47919b1560c4e3b7fe0aaab9becf5b84a10325ddf7db0f0ba5e1026499"

[[package]]
name = "dprint-swc-ext"
version = "0.15.0"
dependencies = [
 "allocator-api2",
 "bumpalo",
 "num-bigint",
 "pretty_assertions",
 "rustc-hash",
 "swc_atoms",
 "swc_common",
 "swc_ecma_ast",
 "swc_ecma_parser",
 "text_lines",
]

[[package]]
name = "either"
version = "1.6.1"
source = "registry+https://github.com/rust-lang/crates.io-index"
checksum = "e78d4f1cc4ae33bbfc157ed5d5a5ef3bc29227303d595861deb238fcec4e9457"

[[package]]
name = "form_urlencoded"
version = "1.2.0"
source = "registry+https://github.com/rust-lang/crates.io-index"
checksum = "a62bc1cf6f830c2ec14a513a9fb124d0a213a629668a4186f329db21fe045652"
dependencies = [
 "percent-encoding",
]

[[package]]
name = "from_variant"
version = "0.1.7"
source = "registry+https://github.com/rust-lang/crates.io-index"
checksum = "3a0b11eeb173ce52f84ebd943d42e58813a2ebb78a6a3ff0a243b71c5199cd7b"
dependencies = [
 "proc-macro2",
 "swc_macros_common",
 "syn 2.0.23",
]

[[package]]
name = "hstr"
version = "0.2.7"
source = "registry+https://github.com/rust-lang/crates.io-index"
checksum = "17fafeca18cf0927e23ea44d7a5189c10536279dfe9094e0dfa953053fbb5377"
dependencies = [
 "new_debug_unreachable",
 "once_cell",
 "phf",
 "rustc-hash",
 "smallvec",
]

[[package]]
name = "idna"
version = "0.4.0"
source = "registry+https://github.com/rust-lang/crates.io-index"
checksum = "7d20d6b07bfbc108882d88ed8e37d39636dcc260e15e30c45e6ba089610b917c"
dependencies = [
 "unicode-bidi",
 "unicode-normalization",
]

[[package]]
name = "if_chain"
version = "1.0.2"
source = "registry+https://github.com/rust-lang/crates.io-index"
checksum = "cb56e1aa765b4b4f3aadfab769793b7087bb03a4ea4920644a6d238e2df5b9ed"

[[package]]
name = "is-macro"
version = "0.3.0"
source = "registry+https://github.com/rust-lang/crates.io-index"
checksum = "f4467ed1321b310c2625c5aa6c1b1ffc5de4d9e42668cf697a08fb033ee8265e"
dependencies = [
 "Inflector",
 "pmutil",
 "proc-macro2",
 "quote",
 "syn 2.0.23",
]

[[package]]
name = "itoa"
version = "1.0.2"
source = "registry+https://github.com/rust-lang/crates.io-index"
checksum = "112c678d4050afce233f4f2852bb2eb519230b3cf12f33585275537d7e41578d"

[[package]]
name = "lazy_static"
version = "1.4.0"
source = "registry+https://github.com/rust-lang/crates.io-index"
checksum = "e2abad23fbc42b3700f2f279844dc832adb2b2eb069b2df918f455c4e18cc646"

[[package]]
name = "libc"
version = "0.2.147"
source = "registry+https://github.com/rust-lang/crates.io-index"
checksum = "b4668fb0ea861c1df094127ac5f1da3409a82116a4ba74fca2e58ef927159bb3"

[[package]]
name = "memchr"
version = "2.5.0"
source = "registry+https://github.com/rust-lang/crates.io-index"
checksum = "2dffe52ecf27772e601905b7522cb4ef790d2cc203488bbd0e2fe85fcb74566d"

[[package]]
name = "new_debug_unreachable"
version = "1.0.4"
source = "registry+https://github.com/rust-lang/crates.io-index"
checksum = "e4a24736216ec316047a1fc4252e27dabb04218aa4a3f37c6e7ddbf1f9782b54"

[[package]]
name = "num-bigint"
version = "0.4.3"
source = "registry+https://github.com/rust-lang/crates.io-index"
checksum = "f93ab6289c7b344a8a9f60f88d80aa20032336fe78da341afc91c8a2341fc75f"
dependencies = [
 "autocfg",
 "num-integer",
 "num-traits",
 "serde",
]

[[package]]
name = "num-integer"
version = "0.1.45"
source = "registry+https://github.com/rust-lang/crates.io-index"
checksum = "225d3389fb3509a24c93f5c29eb6bde2586b98d9f016636dff58d7c6f7569cd9"
dependencies = [
 "autocfg",
 "num-traits",
]

[[package]]
name = "num-traits"
version = "0.2.15"
source = "registry+https://github.com/rust-lang/crates.io-index"
checksum = "578ede34cf02f8924ab9447f50c28075b4d3e5b269972345e7e0372b38c6cdcd"
dependencies = [
 "autocfg",
]

[[package]]
name = "once_cell"
version = "1.18.0"
source = "registry+https://github.com/rust-lang/crates.io-index"
checksum = "dd8b5dd2ae5ed71462c540258bedcb51965123ad7e7ccf4b9a8cafaa4a63576d"

[[package]]
name = "output_vt100"
version = "0.1.3"
source = "registry+https://github.com/rust-lang/crates.io-index"
checksum = "628223faebab4e3e40667ee0b2336d34a5b960ff60ea743ddfdbcf7770bcfb66"
dependencies = [
 "winapi",
]

[[package]]
name = "percent-encoding"
version = "2.3.0"
source = "registry+https://github.com/rust-lang/crates.io-index"
checksum = "9b2a4787296e9989611394c33f193f676704af1686e70b8f8033ab5ba9a35a94"

[[package]]
name = "phf"
version = "0.11.2"
source = "registry+https://github.com/rust-lang/crates.io-index"
checksum = "ade2d8b8f33c7333b51bcf0428d37e217e9f32192ae4772156f65063b8ce03dc"
dependencies = [
 "phf_macros",
 "phf_shared",
]

[[package]]
name = "phf_generator"
version = "0.11.2"
source = "registry+https://github.com/rust-lang/crates.io-index"
checksum = "48e4cc64c2ad9ebe670cb8fd69dd50ae301650392e81c05f9bfcb2d5bdbc24b0"
dependencies = [
 "phf_shared",
 "rand",
]

[[package]]
name = "phf_macros"
version = "0.11.2"
source = "registry+https://github.com/rust-lang/crates.io-index"
checksum = "3444646e286606587e49f3bcf1679b8cef1dc2c5ecc29ddacaffc305180d464b"
dependencies = [
 "phf_generator",
 "phf_shared",
 "proc-macro2",
 "quote",
 "syn 2.0.23",
]

[[package]]
name = "phf_shared"
version = "0.11.2"
source = "registry+https://github.com/rust-lang/crates.io-index"
checksum = "90fcb95eef784c2ac79119d1dd819e162b5da872ce6f3c3abe1e8ca1c082f72b"
dependencies = [
 "siphasher",
]

[[package]]
name = "pin-project-lite"
version = "0.2.9"
source = "registry+https://github.com/rust-lang/crates.io-index"
checksum = "e0a7ae3ac2f1173085d398531c705756c94a4c56843785df85a60c1a0afac116"

[[package]]
name = "pmutil"
version = "0.6.1"
source = "registry+https://github.com/rust-lang/crates.io-index"
checksum = "52a40bc70c2c58040d2d8b167ba9a5ff59fc9dab7ad44771cfde3dcfde7a09c6"
dependencies = [
 "proc-macro2",
 "quote",
 "syn 2.0.23",
]

[[package]]
name = "pretty_assertions"
version = "1.3.0"
source = "registry+https://github.com/rust-lang/crates.io-index"
checksum = "a25e9bcb20aa780fd0bb16b72403a9064d6b3f22f026946029acb941a50af755"
dependencies = [
 "ctor",
 "diff",
 "output_vt100",
 "yansi",
]

[[package]]
name = "proc-macro2"
version = "1.0.63"
source = "registry+https://github.com/rust-lang/crates.io-index"
checksum = "7b368fba921b0dce7e60f5e04ec15e565b3303972b42bcfde1d0713b881959eb"
dependencies = [
 "unicode-ident",
]

[[package]]
name = "psm"
version = "0.1.21"
source = "registry+https://github.com/rust-lang/crates.io-index"
checksum = "5787f7cda34e3033a72192c018bc5883100330f362ef279a8cbccfce8bb4e874"
dependencies = [
 "cc",
]

[[package]]
name = "quote"
version = "1.0.29"
source = "registry+https://github.com/rust-lang/crates.io-index"
checksum = "573015e8ab27661678357f27dc26460738fd2b6c86e46f386fde94cb5d913105"
dependencies = [
 "proc-macro2",
]

[[package]]
name = "rand"
version = "0.8.5"
source = "registry+https://github.com/rust-lang/crates.io-index"
checksum = "34af8d1a0e25924bc5b7c43c079c942339d8f0a8b57c39049bef581b46327404"
dependencies = [
 "rand_core",
]

[[package]]
name = "rand_core"
version = "0.6.4"
source = "registry+https://github.com/rust-lang/crates.io-index"
checksum = "ec0be4795e2f6a28069bec0b5ff3e2ac9bafc99e6a9a7dc3547996c5c816922c"

[[package]]
name = "regex"
version = "1.5.5"
source = "registry+https://github.com/rust-lang/crates.io-index"
checksum = "1a11647b6b25ff05a515cb92c365cec08801e83423a235b51e231e1808747286"
dependencies = [
 "aho-corasick",
 "memchr",
 "regex-syntax",
]

[[package]]
name = "regex-syntax"
version = "0.6.25"
source = "registry+https://github.com/rust-lang/crates.io-index"
checksum = "f497285884f3fcff424ffc933e56d7cbca511def0c9831a7f9b5f6153e3cc89b"

[[package]]
name = "rustc-hash"
version = "1.1.0"
source = "registry+https://github.com/rust-lang/crates.io-index"
checksum = "08d43f7aa6b08d49f382cde6a7982047c3426db949b1424bc4b7ec9ae12c6ce2"

[[package]]
name = "rustc_version"
version = "0.2.3"
source = "registry+https://github.com/rust-lang/crates.io-index"
checksum = "138e3e0acb6c9fb258b19b67cb8abd63c00679d2851805ea151465464fe9030a"
dependencies = [
 "semver",
]

[[package]]
name = "ryu"
version = "1.0.10"
source = "registry+https://github.com/rust-lang/crates.io-index"
checksum = "f3f6f92acf49d1b98f7a81226834412ada05458b7364277387724a237f062695"

[[package]]
name = "scoped-tls"
version = "1.0.1"
source = "registry+https://github.com/rust-lang/crates.io-index"
checksum = "e1cf6437eb19a8f4a6cc0f7dca544973b0b78843adbfeb3683d1a94a0024a294"

[[package]]
name = "semver"
version = "0.9.0"
source = "registry+https://github.com/rust-lang/crates.io-index"
checksum = "1d7eb9ef2c18661902cc47e535f9bc51b78acd254da71d375c2f6720d9a40403"
dependencies = [
 "semver-parser",
]

[[package]]
name = "semver-parser"
version = "0.7.0"
source = "registry+https://github.com/rust-lang/crates.io-index"
checksum = "388a1df253eca08550bef6c72392cfe7c30914bf41df5269b68cbd6ff8f570a3"

[[package]]
name = "serde"
version = "1.0.137"
source = "registry+https://github.com/rust-lang/crates.io-index"
checksum = "61ea8d54c77f8315140a05f4c7237403bf38b72704d031543aa1d16abbf517d1"
dependencies = [
 "serde_derive",
]

[[package]]
name = "serde_derive"
version = "1.0.137"
source = "registry+https://github.com/rust-lang/crates.io-index"
checksum = "1f26faba0c3959972377d3b2d306ee9f71faee9714294e41bb777f83f88578be"
dependencies = [
 "proc-macro2",
 "quote",
 "syn 1.0.94",
]

[[package]]
name = "serde_json"
version = "1.0.81"
source = "registry+https://github.com/rust-lang/crates.io-index"
checksum = "9b7ce2b32a1aed03c558dc61a5cd328f15aff2dbc17daad8fb8af04d2100e15c"
dependencies = [
 "itoa",
 "ryu",
 "serde",
]

[[package]]
name = "siphasher"
version = "0.3.10"
source = "registry+https://github.com/rust-lang/crates.io-index"
checksum = "7bd3e3206899af3f8b12af284fafc038cc1dc2b41d1b89dd17297221c5d225de"

[[package]]
name = "smallvec"
version = "1.13.1"
source = "registry+https://github.com/rust-lang/crates.io-index"
checksum = "e6ecd384b10a64542d77071bd64bd7b231f4ed5940fba55e98c3de13824cf3d7"

[[package]]
name = "smartstring"
version = "1.0.1"
source = "registry+https://github.com/rust-lang/crates.io-index"
checksum = "3fb72c633efbaa2dd666986505016c32c3044395ceaf881518399d2f4127ee29"
dependencies = [
 "autocfg",
 "static_assertions",
 "version_check",
]

[[package]]
name = "sourcemap"
version = "6.0.2"
source = "registry+https://github.com/rust-lang/crates.io-index"
checksum = "a2ca89636b276071e7276488131f531dbf43ad1c19bc4bd5a04f6a0ce1ddc138"
dependencies = [
 "base64",
 "if_chain",
 "lazy_static",
 "regex",
 "rustc_version",
 "serde",
 "serde_json",
 "url",
]

[[package]]
name = "stacker"
version = "0.1.15"
source = "registry+https://github.com/rust-lang/crates.io-index"
checksum = "c886bd4480155fd3ef527d45e9ac8dd7118a898a46530b7b94c3e21866259fce"
dependencies = [
 "cc",
 "cfg-if",
 "libc",
 "psm",
 "winapi",
]

[[package]]
name = "static_assertions"
version = "1.1.0"
source = "registry+https://github.com/rust-lang/crates.io-index"
checksum = "a2eb9349b6444b326872e140eb1cf5e7c522154d69e7a0ffb0fb81c06b37543f"

[[package]]
name = "string_enum"
version = "0.4.2"
source = "registry+https://github.com/rust-lang/crates.io-index"
checksum = "1b650ea2087d32854a0f20b837fc56ec987a1cb4f758c9757e1171ee9812da63"
dependencies = [
 "proc-macro2",
 "quote",
 "swc_macros_common",
 "syn 2.0.23",
]

[[package]]
name = "swc_atoms"
version = "0.6.5"
source = "registry+https://github.com/rust-lang/crates.io-index"
checksum = "7d538eaaa6f085161d088a04cf0a3a5a52c5a7f2b3bd9b83f73f058b0ed357c0"
dependencies = [
 "hstr",
 "once_cell",
 "rustc-hash",
 "serde",
]

[[package]]
name = "swc_common"
version = "0.33.16"
source = "registry+https://github.com/rust-lang/crates.io-index"
checksum = "0a15b8a5ec7b3c87b5c602dec00caf3dbb07fe2daaaa1d144d0c00a612e0890c"
dependencies = [
 "ast_node",
 "better_scoped_tls",
 "cfg-if",
 "either",
 "from_variant",
 "new_debug_unreachable",
 "num-bigint",
 "once_cell",
 "rustc-hash",
 "serde",
 "siphasher",
 "sourcemap",
 "swc_atoms",
 "swc_eq_ignore_macros",
 "swc_visit",
 "tracing",
 "unicode-width",
 "url",
]

[[package]]
name = "swc_ecma_ast"
version = "0.112.0"
source = "registry+https://github.com/rust-lang/crates.io-index"
checksum = "4f90ae61d067206a5ff0c3a63d7d279346fa6562c08e251e32a07654f5b9fab1"
dependencies = [
 "bitflags",
 "is-macro",
 "num-bigint",
 "phf",
 "scoped-tls",
 "string_enum",
 "swc_atoms",
 "swc_common",
 "unicode-id",
]

[[package]]
name = "swc_ecma_parser"
version = "0.143.0"
source = "registry+https://github.com/rust-lang/crates.io-index"
checksum = "98edd7196fbeda4a323c5a87da151bb7474ad01b606fc0572fde73c50e9f887e"
dependencies = [
 "either",
 "new_debug_unreachable",
 "num-bigint",
 "num-traits",
 "phf",
 "serde",
 "smallvec",
 "smartstring",
 "stacker",
 "swc_atoms",
 "swc_common",
 "swc_ecma_ast",
 "tracing",
 "typed-arena",
]

[[package]]
name = "swc_eq_ignore_macros"
version = "0.1.3"
source = "registry+https://github.com/rust-lang/crates.io-index"
checksum = "695a1d8b461033d32429b5befbf0ad4d7a2c4d6ba9cd5ba4e0645c615839e8e4"
dependencies = [
 "proc-macro2",
 "quote",
 "syn 2.0.23",
]

[[package]]
name = "swc_macros_common"
version = "0.3.9"
source = "registry+https://github.com/rust-lang/crates.io-index"
checksum = "50176cfc1cbc8bb22f41c6fe9d1ec53fbe057001219b5954961b8ad0f336fce9"
dependencies = [
 "proc-macro2",
 "quote",
 "syn 2.0.23",
]

[[package]]
name = "swc_visit"
version = "0.5.8"
source = "registry+https://github.com/rust-lang/crates.io-index"
checksum = "b27078d8571abe23aa52ef608dd1df89096a37d867cf691cbb4f4c392322b7c9"
dependencies = [
 "either",
 "swc_visit_macros",
]

[[package]]
name = "swc_visit_macros"
version = "0.5.9"
source = "registry+https://github.com/rust-lang/crates.io-index"
checksum = "fa8bb05975506741555ea4d10c3a3bdb0e2357cd58e1a4a4332b8ebb4b44c34d"
dependencies = [
 "Inflector",
 "pmutil",
 "proc-macro2",
 "quote",
 "swc_macros_common",
 "syn 2.0.23",
]

[[package]]
name = "syn"
version = "1.0.94"
source = "registry+https://github.com/rust-lang/crates.io-index"
checksum = "a07e33e919ebcd69113d5be0e4d70c5707004ff45188910106854f38b960df4a"
dependencies = [
 "proc-macro2",
 "quote",
 "unicode-xid",
]

[[package]]
name = "syn"
version = "2.0.23"
source = "registry+https://github.com/rust-lang/crates.io-index"
checksum = "59fb7d6d8281a51045d62b8eb3a7d1ce347b76f312af50cd3dc0af39c87c1737"
dependencies = [
 "proc-macro2",
 "quote",
 "unicode-ident",
]

[[package]]
name = "text_lines"
version = "0.6.0"
source = "registry+https://github.com/rust-lang/crates.io-index"
checksum = "7fd5828de7deaa782e1dd713006ae96b3bee32d3279b79eb67ecf8072c059bcf"

[[package]]
name = "tinyvec"
version = "1.6.0"
source = "registry+https://github.com/rust-lang/crates.io-index"
checksum = "87cc5ceb3875bb20c2890005a4e226a4651264a5c75edb2421b52861a0a0cb50"
dependencies = [
 "tinyvec_macros",
]

[[package]]
name = "tinyvec_macros"
version = "0.1.0"
source = "registry+https://github.com/rust-lang/crates.io-index"
checksum = "cda74da7e1a664f795bb1f8a87ec406fb89a02522cf6e50620d016add6dbbf5c"

[[package]]
name = "tracing"
version = "0.1.37"
source = "registry+https://github.com/rust-lang/crates.io-index"
checksum = "8ce8c33a8d48bd45d624a6e523445fd21ec13d3653cd51f681abf67418f54eb8"
dependencies = [
 "cfg-if",
 "pin-project-lite",
 "tracing-attributes",
 "tracing-core",
]

[[package]]
name = "tracing-attributes"
version = "0.1.26"
source = "registry+https://github.com/rust-lang/crates.io-index"
checksum = "5f4f31f56159e98206da9efd823404b79b6ef3143b4a7ab76e67b1751b25a4ab"
dependencies = [
 "proc-macro2",
 "quote",
 "syn 2.0.23",
]

[[package]]
name = "tracing-core"
version = "0.1.31"
source = "registry+https://github.com/rust-lang/crates.io-index"
checksum = "0955b8137a1df6f1a2e9a37d8a6656291ff0297c1a97c24e0d8425fe2312f79a"
dependencies = [
 "once_cell",
]

[[package]]
name = "typed-arena"
version = "2.0.1"
source = "registry+https://github.com/rust-lang/crates.io-index"
checksum = "0685c84d5d54d1c26f7d3eb96cd41550adb97baed141a761cf335d3d33bcd0ae"

[[package]]
name = "unicode-bidi"
version = "0.3.13"
source = "registry+https://github.com/rust-lang/crates.io-index"
checksum = "92888ba5573ff080736b3648696b70cafad7d250551175acbaa4e0385b3e1460"

[[package]]
name = "unicode-id"
version = "0.3.2"
source = "registry+https://github.com/rust-lang/crates.io-index"
checksum = "69fe8d9274f490a36442acb4edfd0c4e473fdfc6a8b5cd32f28a0235761aedbe"

[[package]]
name = "unicode-ident"
version = "1.0.9"
source = "registry+https://github.com/rust-lang/crates.io-index"
checksum = "b15811caf2415fb889178633e7724bad2509101cde276048e013b9def5e51fa0"

[[package]]
name = "unicode-normalization"
version = "0.1.22"
source = "registry+https://github.com/rust-lang/crates.io-index"
checksum = "5c5713f0fc4b5db668a2ac63cdb7bb4469d8c9fed047b1d0292cc7b0ce2ba921"
dependencies = [
 "tinyvec",
]

[[package]]
name = "unicode-width"
version = "0.1.9"
source = "registry+https://github.com/rust-lang/crates.io-index"
checksum = "3ed742d4ea2bd1176e236172c8429aaf54486e7ac098db29ffe6529e0ce50973"

[[package]]
name = "unicode-xid"
version = "0.2.3"
source = "registry+https://github.com/rust-lang/crates.io-index"
checksum = "957e51f3646910546462e67d5f7599b9e4fb8acdd304b087a6494730f9eebf04"

[[package]]
name = "url"
version = "2.4.0"
source = "registry+https://github.com/rust-lang/crates.io-index"
checksum = "50bff7831e19200a85b17131d085c25d7811bc4e186efdaf54bbd132994a88cb"
dependencies = [
 "form_urlencoded",
 "idna",
 "percent-encoding",
]

[[package]]
name = "version_check"
version = "0.9.4"
source = "registry+https://github.com/rust-lang/crates.io-index"
checksum = "49874b5167b65d7193b8aba1567f5c7d93d001cafc34600cee003eda787e483f"

[[package]]
name = "winapi"
version = "0.3.9"
source = "registry+https://github.com/rust-lang/crates.io-index"
checksum = "5c839a674fcd7a98952e593242ea400abe93992746761e38641405d28b00f419"
dependencies = [
 "winapi-i686-pc-windows-gnu",
 "winapi-x86_64-pc-windows-gnu",
]

[[package]]
name = "winapi-i686-pc-windows-gnu"
version = "0.4.0"
source = "registry+https://github.com/rust-lang/crates.io-index"
checksum = "ac3b87c63620426dd9b991e5ce0329eff545bccbbb34f3be09ff6fb6ab51b7b6"

[[package]]
name = "winapi-x86_64-pc-windows-gnu"
version = "0.4.0"
source = "registry+https://github.com/rust-lang/crates.io-index"
checksum = "712e227841d057c1ee1cd2fb22fa7e5a5461ae8e48fa2ca79ec42cfc1931183f"

[[package]]
name = "yansi"
version = "0.5.1"
source = "registry+https://github.com/rust-lang/crates.io-index"
checksum = "09041cd90cf85f7f8b2df60c646f853b7f535ce68f85244eb6731cf89fa498ec"
